// !$*UTF8*$!
{
	archiveVersion = 1;
	classes = {
	};
	objectVersion = 50;
	objects = {

/* Begin PBXBuildFile section */
		0D69346325BAA80C002BB272 /* AppDelegate.swift in Sources */ = {isa = PBXBuildFile; fileRef = 0D69346225BAA80C002BB272 /* AppDelegate.swift */; };
		0D69346525BAA80C002BB272 /* SceneDelegate.swift in Sources */ = {isa = PBXBuildFile; fileRef = 0D69346425BAA80C002BB272 /* SceneDelegate.swift */; };
		0D69346725BAA80C002BB272 /* ViewController.swift in Sources */ = {isa = PBXBuildFile; fileRef = 0D69346625BAA80C002BB272 /* ViewController.swift */; };
		0D69346A25BAA80C002BB272 /* Main.storyboard in Resources */ = {isa = PBXBuildFile; fileRef = 0D69346825BAA80C002BB272 /* Main.storyboard */; };
		0D69346C25BAA80C002BB272 /* Assets.xcassets in Resources */ = {isa = PBXBuildFile; fileRef = 0D69346B25BAA80C002BB272 /* Assets.xcassets */; };
		0D69346F25BAA80C002BB272 /* LaunchScreen.storyboard in Resources */ = {isa = PBXBuildFile; fileRef = 0D69346D25BAA80C002BB272 /* LaunchScreen.storyboard */; };
		0D69347A25BAA80C002BB272 /* Demo0122Tests.swift in Sources */ = {isa = PBXBuildFile; fileRef = 0D69347925BAA80C002BB272 /* Demo0122Tests.swift */; };
		0D69348525BAA80C002BB272 /* Demo0122UITests.swift in Sources */ = {isa = PBXBuildFile; fileRef = 0D69348425BAA80C002BB272 /* Demo0122UITests.swift */; };
/* End PBXBuildFile section */

/* Begin PBXContainerItemProxy section */
		0D69347625BAA80C002BB272 /* PBXContainerItemProxy */ = {
			isa = PBXContainerItemProxy;
			containerPortal = 0D69345725BAA80C002BB272 /* Project object */;
			proxyType = 1;
			remoteGlobalIDString = 0D69345E25BAA80C002BB272;
			remoteInfo = Demo0122;
		};
		0D69348125BAA80C002BB272 /* PBXContainerItemProxy */ = {
			isa = PBXContainerItemProxy;
			containerPortal = 0D69345725BAA80C002BB272 /* Project object */;
			proxyType = 1;
			remoteGlobalIDString = 0D69345E25BAA80C002BB272;
			remoteInfo = Demo0122;
		};
/* End PBXContainerItemProxy section */

/* Begin PBXFileReference section */
		0D69345F25BAA80C002BB272 /* Demo0122.app */ = {isa = PBXFileReference; explicitFileType = wrapper.application; includeInIndex = 0; path = Demo0122.app; sourceTree = BUILT_PRODUCTS_DIR; };
		0D69346225BAA80C002BB272 /* AppDelegate.swift */ = {isa = PBXFileReference; lastKnownFileType = sourcecode.swift; path = AppDelegate.swift; sourceTree = "<group>"; };
		0D69346425BAA80C002BB272 /* SceneDelegate.swift */ = {isa = PBXFileReference; lastKnownFileType = sourcecode.swift; path = SceneDelegate.swift; sourceTree = "<group>"; };
		0D69346625BAA80C002BB272 /* ViewController.swift */ = {isa = PBXFileReference; lastKnownFileType = sourcecode.swift; path = ViewController.swift; sourceTree = "<group>"; };
		0D69346925BAA80C002BB272 /* Base */ = {isa = PBXFileReference; lastKnownFileType = file.storyboard; name = Base; path = Base.lproj/Main.storyboard; sourceTree = "<group>"; };
		0D69346B25BAA80C002BB272 /* Assets.xcassets */ = {isa = PBXFileReference; lastKnownFileType = folder.assetcatalog; path = Assets.xcassets; sourceTree = "<group>"; };
		0D69346E25BAA80C002BB272 /* Base */ = {isa = PBXFileReference; lastKnownFileType = file.storyboard; name = Base; path = Base.lproj/LaunchScreen.storyboard; sourceTree = "<group>"; };
		0D69347025BAA80C002BB272 /* Info.plist */ = {isa = PBXFileReference; lastKnownFileType = text.plist.xml; path = Info.plist; sourceTree = "<group>"; };
		0D69347525BAA80C002BB272 /* Demo0122Tests.xctest */ = {isa = PBXFileReference; explicitFileType = wrapper.cfbundle; includeInIndex = 0; path = Demo0122Tests.xctest; sourceTree = BUILT_PRODUCTS_DIR; };
		0D69347925BAA80C002BB272 /* Demo0122Tests.swift */ = {isa = PBXFileReference; lastKnownFileType = sourcecode.swift; path = Demo0122Tests.swift; sourceTree = "<group>"; };
		0D69347B25BAA80C002BB272 /* Info.plist */ = {isa = PBXFileReference; lastKnownFileType = text.plist.xml; path = Info.plist; sourceTree = "<group>"; };
		0D69348025BAA80C002BB272 /* Demo0122UITests.xctest */ = {isa = PBXFileReference; explicitFileType = wrapper.cfbundle; includeInIndex = 0; path = Demo0122UITests.xctest; sourceTree = BUILT_PRODUCTS_DIR; };
		0D69348425BAA80C002BB272 /* Demo0122UITests.swift */ = {isa = PBXFileReference; lastKnownFileType = sourcecode.swift; path = Demo0122UITests.swift; sourceTree = "<group>"; };
		0D69348625BAA80C002BB272 /* Info.plist */ = {isa = PBXFileReference; lastKnownFileType = text.plist.xml; path = Info.plist; sourceTree = "<group>"; };
/* End PBXFileReference section */

/* Begin PBXFrameworksBuildPhase section */
		0D69345C25BAA80C002BB272 /* Frameworks */ = {
			isa = PBXFrameworksBuildPhase;
			buildActionMask = 2147483647;
			files = (
			);
			runOnlyForDeploymentPostprocessing = 0;
		};
		0D69347225BAA80C002BB272 /* Frameworks */ = {
			isa = PBXFrameworksBuildPhase;
			buildActionMask = 2147483647;
			files = (
			);
			runOnlyForDeploymentPostprocessing = 0;
		};
		0D69347D25BAA80C002BB272 /* Frameworks */ = {
			isa = PBXFrameworksBuildPhase;
			buildActionMask = 2147483647;
			files = (
			);
			runOnlyForDeploymentPostprocessing = 0;
		};
/* End PBXFrameworksBuildPhase section */

/* Begin PBXGroup section */
		0D69345625BAA80C002BB272 = {
			isa = PBXGroup;
			children = (
				0D69346125BAA80C002BB272 /* Demo0122 */,
				0D69347825BAA80C002BB272 /* Demo0122Tests */,
				0D69348325BAA80C002BB272 /* Demo0122UITests */,
				0D69346025BAA80C002BB272 /* Products */,
			);
			sourceTree = "<group>";
		};
		0D69346025BAA80C002BB272 /* Products */ = {
			isa = PBXGroup;
			children = (
				0D69345F25BAA80C002BB272 /* Demo0122.app */,
				0D69347525BAA80C002BB272 /* Demo0122Tests.xctest */,
				0D69348025BAA80C002BB272 /* Demo0122UITests.xctest */,
			);
			name = Products;
			sourceTree = "<group>";
		};
		0D69346125BAA80C002BB272 /* Demo0122 */ = {
			isa = PBXGroup;
			children = (
				0D69346225BAA80C002BB272 /* AppDelegate.swift */,
				0D69346425BAA80C002BB272 /* SceneDelegate.swift */,
				0D69346625BAA80C002BB272 /* ViewController.swift */,
				0D69346825BAA80C002BB272 /* Main.storyboard */,
				0D69346B25BAA80C002BB272 /* Assets.xcassets */,
				0D69346D25BAA80C002BB272 /* LaunchScreen.storyboard */,
				0D69347025BAA80C002BB272 /* Info.plist */,
			);
			path = Demo0122;
			sourceTree = "<group>";
		};
		0D69347825BAA80C002BB272 /* Demo0122Tests */ = {
			isa = PBXGroup;
			children = (
				0D69347925BAA80C002BB272 /* Demo0122Tests.swift */,
				0D69347B25BAA80C002BB272 /* Info.plist */,
			);
			path = Demo0122Tests;
			sourceTree = "<group>";
		};
		0D69348325BAA80C002BB272 /* Demo0122UITests */ = {
			isa = PBXGroup;
			children = (
				0D69348425BAA80C002BB272 /* Demo0122UITests.swift */,
				0D69348625BAA80C002BB272 /* Info.plist */,
			);
			path = Demo0122UITests;
			sourceTree = "<group>";
		};
/* End PBXGroup section */

/* Begin PBXNativeTarget section */
		0D69345E25BAA80C002BB272 /* Demo0122 */ = {
			isa = PBXNativeTarget;
			buildConfigurationList = 0D69348925BAA80C002BB272 /* Build configuration list for PBXNativeTarget "Demo0122" */;
			buildPhases = (
				0D69345B25BAA80C002BB272 /* Sources */,
				0D69345C25BAA80C002BB272 /* Frameworks */,
				0D69345D25BAA80C002BB272 /* Resources */,
			);
			buildRules = (
			);
			dependencies = (
			);
			name = Demo0122;
			productName = Demo0122;
			productReference = 0D69345F25BAA80C002BB272 /* Demo0122.app */;
			productType = "com.apple.product-type.application";
		};
		0D69347425BAA80C002BB272 /* Demo0122Tests */ = {
			isa = PBXNativeTarget;
			buildConfigurationList = 0D69348C25BAA80C002BB272 /* Build configuration list for PBXNativeTarget "Demo0122Tests" */;
			buildPhases = (
				0D69347125BAA80C002BB272 /* Sources */,
				0D69347225BAA80C002BB272 /* Frameworks */,
				0D69347325BAA80C002BB272 /* Resources */,
			);
			buildRules = (
			);
			dependencies = (
				0D69347725BAA80C002BB272 /* PBXTargetDependency */,
			);
			name = Demo0122Tests;
			productName = Demo0122Tests;
			productReference = 0D69347525BAA80C002BB272 /* Demo0122Tests.xctest */;
			productType = "com.apple.product-type.bundle.unit-test";
		};
		0D69347F25BAA80C002BB272 /* Demo0122UITests */ = {
			isa = PBXNativeTarget;
			buildConfigurationList = 0D69348F25BAA80C002BB272 /* Build configuration list for PBXNativeTarget "Demo0122UITests" */;
			buildPhases = (
				0D69347C25BAA80C002BB272 /* Sources */,
				0D69347D25BAA80C002BB272 /* Frameworks */,
				0D69347E25BAA80C002BB272 /* Resources */,
			);
			buildRules = (
			);
			dependencies = (
				0D69348225BAA80C002BB272 /* PBXTargetDependency */,
			);
			name = Demo0122UITests;
			productName = Demo0122UITests;
			productReference = 0D69348025BAA80C002BB272 /* Demo0122UITests.xctest */;
			productType = "com.apple.product-type.bundle.ui-testing";
		};
/* End PBXNativeTarget section */

/* Begin PBXProject section */
		0D69345725BAA80C002BB272 /* Project object */ = {
			isa = PBXProject;
			attributes = {
				LastSwiftUpdateCheck = 1230;
				LastUpgradeCheck = 1230;
				TargetAttributes = {
					0D69345E25BAA80C002BB272 = {
						CreatedOnToolsVersion = 12.3;
					};
					0D69347425BAA80C002BB272 = {
						CreatedOnToolsVersion = 12.3;
						TestTargetID = 0D69345E25BAA80C002BB272;
					};
					0D69347F25BAA80C002BB272 = {
						CreatedOnToolsVersion = 12.3;
						TestTargetID = 0D69345E25BAA80C002BB272;
					};
				};
			};
			buildConfigurationList = 0D69345A25BAA80C002BB272 /* Build configuration list for PBXProject "Demo0122" */;
			compatibilityVersion = "Xcode 9.3";
			developmentRegion = en;
			hasScannedForEncodings = 0;
			knownRegions = (
				en,
				Base,
			);
			mainGroup = 0D69345625BAA80C002BB272;
			productRefGroup = 0D69346025BAA80C002BB272 /* Products */;
			projectDirPath = "";
			projectRoot = "";
			targets = (
				0D69345E25BAA80C002BB272 /* Demo0122 */,
				0D69347425BAA80C002BB272 /* Demo0122Tests */,
				0D69347F25BAA80C002BB272 /* Demo0122UITests */,
			);
		};
/* End PBXProject section */

/* Begin PBXResourcesBuildPhase section */
		0D69345D25BAA80C002BB272 /* Resources */ = {
			isa = PBXResourcesBuildPhase;
			buildActionMask = 2147483647;
			files = (
				0D69346F25BAA80C002BB272 /* LaunchScreen.storyboard in Resources */,
				0D69346C25BAA80C002BB272 /* Assets.xcassets in Resources */,
				0D69346A25BAA80C002BB272 /* Main.storyboard in Resources */,
			);
			runOnlyForDeploymentPostprocessing = 0;
		};
		0D69347325BAA80C002BB272 /* Resources */ = {
			isa = PBXResourcesBuildPhase;
			buildActionMask = 2147483647;
			files = (
			);
			runOnlyForDeploymentPostprocessing = 0;
		};
		0D69347E25BAA80C002BB272 /* Resources */ = {
			isa = PBXResourcesBuildPhase;
			buildActionMask = 2147483647;
			files = (
			);
			runOnlyForDeploymentPostprocessing = 0;
		};
/* End PBXResourcesBuildPhase section */

/* Begin PBXSourcesBuildPhase section */
		0D69345B25BAA80C002BB272 /* Sources */ = {
			isa = PBXSourcesBuildPhase;
			buildActionMask = 2147483647;
			files = (
				0D69346725BAA80C002BB272 /* ViewController.swift in Sources */,
				0D69346325BAA80C002BB272 /* AppDelegate.swift in Sources */,
				0D69346525BAA80C002BB272 /* SceneDelegate.swift in Sources */,
			);
			runOnlyForDeploymentPostprocessing = 0;
		};
		0D69347125BAA80C002BB272 /* Sources */ = {
			isa = PBXSourcesBuildPhase;
			buildActionMask = 2147483647;
			files = (
				0D69347A25BAA80C002BB272 /* Demo0122Tests.swift in Sources */,
			);
			runOnlyForDeploymentPostprocessing = 0;
		};
		0D69347C25BAA80C002BB272 /* Sources */ = {
			isa = PBXSourcesBuildPhase;
			buildActionMask = 2147483647;
			files = (
				0D69348525BAA80C002BB272 /* Demo0122UITests.swift in Sources */,
			);
			runOnlyForDeploymentPostprocessing = 0;
		};
/* End PBXSourcesBuildPhase section */

/* Begin PBXTargetDependency section */
		0D69347725BAA80C002BB272 /* PBXTargetDependency */ = {
			isa = PBXTargetDependency;
			target = 0D69345E25BAA80C002BB272 /* Demo0122 */;
			targetProxy = 0D69347625BAA80C002BB272 /* PBXContainerItemProxy */;
		};
		0D69348225BAA80C002BB272 /* PBXTargetDependency */ = {
			isa = PBXTargetDependency;
			target = 0D69345E25BAA80C002BB272 /* Demo0122 */;
			targetProxy = 0D69348125BAA80C002BB272 /* PBXContainerItemProxy */;
		};
/* End PBXTargetDependency section */

/* Begin PBXVariantGroup section */
		0D69346825BAA80C002BB272 /* Main.storyboard */ = {
			isa = PBXVariantGroup;
			children = (
				0D69346925BAA80C002BB272 /* Base */,
			);
			name = Main.storyboard;
			sourceTree = "<group>";
		};
		0D69346D25BAA80C002BB272 /* LaunchScreen.storyboard */ = {
			isa = PBXVariantGroup;
			children = (
				0D69346E25BAA80C002BB272 /* Base */,
			);
			name = LaunchScreen.storyboard;
			sourceTree = "<group>";
		};
/* End PBXVariantGroup section */

/* Begin XCBuildConfiguration section */
		0D69348725BAA80C002BB272 /* Debug */ = {
			isa = XCBuildConfiguration;
			buildSettings = {
				ALWAYS_SEARCH_USER_PATHS = NO;
				CLANG_ANALYZER_NONNULL = YES;
				CLANG_ANALYZER_NUMBER_OBJECT_CONVERSION = YES_AGGRESSIVE;
				CLANG_CXX_LANGUAGE_STANDARD = "gnu++14";
				CLANG_CXX_LIBRARY = "libc++";
				CLANG_ENABLE_MODULES = YES;
				CLANG_ENABLE_OBJC_ARC = YES;
				CLANG_ENABLE_OBJC_WEAK = YES;
				CLANG_WARN_BLOCK_CAPTURE_AUTORELEASING = YES;
				CLANG_WARN_BOOL_CONVERSION = YES;
				CLANG_WARN_COMMA = YES;
				CLANG_WARN_CONSTANT_CONVERSION = YES;
				CLANG_WARN_DEPRECATED_OBJC_IMPLEMENTATIONS = YES;
				CLANG_WARN_DIRECT_OBJC_ISA_USAGE = YES_ERROR;
				CLANG_WARN_DOCUMENTATION_COMMENTS = YES;
				CLANG_WARN_EMPTY_BODY = YES;
				CLANG_WARN_ENUM_CONVERSION = YES;
				CLANG_WARN_INFINITE_RECURSION = YES;
				CLANG_WARN_INT_CONVERSION = YES;
				CLANG_WARN_NON_LITERAL_NULL_CONVERSION = YES;
				CLANG_WARN_OBJC_IMPLICIT_RETAIN_SELF = YES;
				CLANG_WARN_OBJC_LITERAL_CONVERSION = YES;
				CLANG_WARN_OBJC_ROOT_CLASS = YES_ERROR;
				CLANG_WARN_QUOTED_INCLUDE_IN_FRAMEWORK_HEADER = YES;
				CLANG_WARN_RANGE_LOOP_ANALYSIS = YES;
				CLANG_WARN_STRICT_PROTOTYPES = YES;
				CLANG_WARN_SUSPICIOUS_MOVE = YES;
				CLANG_WARN_UNGUARDED_AVAILABILITY = YES_AGGRESSIVE;
				CLANG_WARN_UNREACHABLE_CODE = YES;
				CLANG_WARN__DUPLICATE_METHOD_MATCH = YES;
				COPY_PHASE_STRIP = NO;
				DEBUG_INFORMATION_FORMAT = dwarf;
				ENABLE_STRICT_OBJC_MSGSEND = YES;
				ENABLE_TESTABILITY = YES;
				GCC_C_LANGUAGE_STANDARD = gnu11;
				GCC_DYNAMIC_NO_PIC = NO;
				GCC_NO_COMMON_BLOCKS = YES;
				GCC_OPTIMIZATION_LEVEL = 0;
				GCC_PREPROCESSOR_DEFINITIONS = (
					"DEBUG=1",
					"$(inherited)",
				);
				GCC_WARN_64_TO_32_BIT_CONVERSION = YES;
				GCC_WARN_ABOUT_RETURN_TYPE = YES_ERROR;
				GCC_WARN_UNDECLARED_SELECTOR = YES;
				GCC_WARN_UNINITIALIZED_AUTOS = YES_AGGRESSIVE;
				GCC_WARN_UNUSED_FUNCTION = YES;
				GCC_WARN_UNUSED_VARIABLE = YES;
				IPHONEOS_DEPLOYMENT_TARGET = 14.3;
				MTL_ENABLE_DEBUG_INFO = INCLUDE_SOURCE;
				MTL_FAST_MATH = YES;
				ONLY_ACTIVE_ARCH = YES;
				SDKROOT = iphoneos;
				SWIFT_ACTIVE_COMPILATION_CONDITIONS = DEBUG;
				SWIFT_OPTIMIZATION_LEVEL = "-Onone";
			};
			name = Debug;
		};
		0D69348825BAA80C002BB272 /* Release */ = {
			isa = XCBuildConfiguration;
			buildSettings = {
				ALWAYS_SEARCH_USER_PATHS = NO;
				CLANG_ANALYZER_NONNULL = YES;
				CLANG_ANALYZER_NUMBER_OBJECT_CONVERSION = YES_AGGRESSIVE;
				CLANG_CXX_LANGUAGE_STANDARD = "gnu++14";
				CLANG_CXX_LIBRARY = "libc++";
				CLANG_ENABLE_MODULES = YES;
				CLANG_ENABLE_OBJC_ARC = YES;
				CLANG_ENABLE_OBJC_WEAK = YES;
				CLANG_WARN_BLOCK_CAPTURE_AUTORELEASING = YES;
				CLANG_WARN_BOOL_CONVERSION = YES;
				CLANG_WARN_COMMA = YES;
				CLANG_WARN_CONSTANT_CONVERSION = YES;
				CLANG_WARN_DEPRECATED_OBJC_IMPLEMENTATIONS = YES;
				CLANG_WARN_DIRECT_OBJC_ISA_USAGE = YES_ERROR;
				CLANG_WARN_DOCUMENTATION_COMMENTS = YES;
				CLANG_WARN_EMPTY_BODY = YES;
				CLANG_WARN_ENUM_CONVERSION = YES;
				CLANG_WARN_INFINITE_RECURSION = YES;
				CLANG_WARN_INT_CONVERSION = YES;
				CLANG_WARN_NON_LITERAL_NULL_CONVERSION = YES;
				CLANG_WARN_OBJC_IMPLICIT_RETAIN_SELF = YES;
				CLANG_WARN_OBJC_LITERAL_CONVERSION = YES;
				CLANG_WARN_OBJC_ROOT_CLASS = YES_ERROR;
				CLANG_WARN_QUOTED_INCLUDE_IN_FRAMEWORK_HEADER = YES;
				CLANG_WARN_RANGE_LOOP_ANALYSIS = YES;
				CLANG_WARN_STRICT_PROTOTYPES = YES;
				CLANG_WARN_SUSPICIOUS_MOVE = YES;
				CLANG_WARN_UNGUARDED_AVAILABILITY = YES_AGGRESSIVE;
				CLANG_WARN_UNREACHABLE_CODE = YES;
				CLANG_WARN__DUPLICATE_METHOD_MATCH = YES;
				COPY_PHASE_STRIP = NO;
				DEBUG_INFORMATION_FORMAT = "dwarf-with-dsym";
				ENABLE_NS_ASSERTIONS = NO;
				ENABLE_STRICT_OBJC_MSGSEND = YES;
				GCC_C_LANGUAGE_STANDARD = gnu11;
				GCC_NO_COMMON_BLOCKS = YES;
				GCC_WARN_64_TO_32_BIT_CONVERSION = YES;
				GCC_WARN_ABOUT_RETURN_TYPE = YES_ERROR;
				GCC_WARN_UNDECLARED_SELECTOR = YES;
				GCC_WARN_UNINITIALIZED_AUTOS = YES_AGGRESSIVE;
				GCC_WARN_UNUSED_FUNCTION = YES;
				GCC_WARN_UNUSED_VARIABLE = YES;
				IPHONEOS_DEPLOYMENT_TARGET = 14.3;
				MTL_ENABLE_DEBUG_INFO = NO;
				MTL_FAST_MATH = YES;
				SDKROOT = iphoneos;
				SWIFT_COMPILATION_MODE = wholemodule;
				SWIFT_OPTIMIZATION_LEVEL = "-O";
				VALIDATE_PRODUCT = YES;
			};
			name = Release;
		};
		0D69348A25BAA80C002BB272 /* Debug */ = {
			isa = XCBuildConfiguration;
			buildSettings = {
				ASSETCATALOG_COMPILER_APPICON_NAME = AppIcon;
				ASSETCATALOG_COMPILER_GLOBAL_ACCENT_COLOR_NAME = AccentColor;
				CODE_SIGN_STYLE = Automatic;
				INFOPLIST_FILE = Demo0122/Info.plist;
				LD_RUNPATH_SEARCH_PATHS = (
					"$(inherited)",
					"@executable_path/Frameworks",
				);
				PRODUCT_BUNDLE_IDENTIFIER = com.xpert.Demo0122;
				PRODUCT_NAME = "$(TARGET_NAME)";
				SWIFT_VERSION = 5.0;
				TARGETED_DEVICE_FAMILY = "1,2";
			};
			name = Debug;
		};
		0D69348B25BAA80C002BB272 /* Release */ = {
			isa = XCBuildConfiguration;
			buildSettings = {
				ASSETCATALOG_COMPILER_APPICON_NAME = AppIcon;
				ASSETCATALOG_COMPILER_GLOBAL_ACCENT_COLOR_NAME = AccentColor;
				CODE_SIGN_STYLE = Automatic;
				INFOPLIST_FILE = Demo0122/Info.plist;
				LD_RUNPATH_SEARCH_PATHS = (
					"$(inherited)",
					"@executable_path/Frameworks",
				);
				PRODUCT_BUNDLE_IDENTIFIER = com.xpert.Demo0122;
				PRODUCT_NAME = "$(TARGET_NAME)";
				SWIFT_VERSION = 5.0;
				TARGETED_DEVICE_FAMILY = "1,2";
			};
			name = Release;
		};
		0D69348D25BAA80C002BB272 /* Debug */ = {
			isa = XCBuildConfiguration;
			buildSettings = {
				ALWAYS_EMBED_SWIFT_STANDARD_LIBRARIES = YES;
				BUNDLE_LOADER = "$(TEST_HOST)";
				CODE_SIGN_STYLE = Automatic;
				INFOPLIST_FILE = Demo0122Tests/Info.plist;
				IPHONEOS_DEPLOYMENT_TARGET = 14.3;
				LD_RUNPATH_SEARCH_PATHS = (
					"$(inherited)",
					"@executable_path/Frameworks",
					"@loader_path/Frameworks",
				);
				PRODUCT_BUNDLE_IDENTIFIER = com.xpert.Demo0122Tests;
				PRODUCT_NAME = "$(TARGET_NAME)";
				SWIFT_VERSION = 5.0;
				TARGETED_DEVICE_FAMILY = "1,2";
				TEST_HOST = "$(BUILT_PRODUCTS_DIR)/Demo0122.app/Demo0122";
			};
			name = Debug;
		};
		0D69348E25BAA80C002BB272 /* Release */ = {
			isa = XCBuildConfiguration;
			buildSettings = {
				ALWAYS_EMBED_SWIFT_STANDARD_LIBRARIES = YES;
				BUNDLE_LOADER = "$(TEST_HOST)";
				CODE_SIGN_STYLE = Automatic;
				INFOPLIST_FILE = Demo0122Tests/Info.plist;
				IPHONEOS_DEPLOYMENT_TARGET = 14.3;
				LD_RUNPATH_SEARCH_PATHS = (
					"$(inherited)",
					"@executable_path/Frameworks",
					"@loader_path/Frameworks",
				);
				PRODUCT_BUNDLE_IDENTIFIER = com.xpert.Demo0122Tests;
				PRODUCT_NAME = "$(TARGET_NAME)";
				SWIFT_VERSION = 5.0;
				TARGETED_DEVICE_FAMILY = "1,2";
				TEST_HOST = "$(BUILT_PRODUCTS_DIR)/Demo0122.app/Demo0122";
			};
			name = Release;
		};
		0D69349025BAA80C002BB272 /* Debug */ = {
			isa = XCBuildConfiguration;
			buildSettings = {
				ALWAYS_EMBED_SWIFT_STANDARD_LIBRARIES = YES;
				CODE_SIGN_STYLE = Automatic;
				INFOPLIST_FILE = Demo0122UITests/Info.plist;
				LD_RUNPATH_SEARCH_PATHS = (
					"$(inherited)",
					"@executable_path/Frameworks",
					"@loader_path/Frameworks",
				);
				PRODUCT_BUNDLE_IDENTIFIER = com.xpert.Demo0122UITests;
				PRODUCT_NAME = "$(TARGET_NAME)";
				SWIFT_VERSION = 5.0;
				TARGETED_DEVICE_FAMILY = "1,2";
				TEST_TARGET_NAME = Demo0122;
			};
			name = Debug;
		};
		0D69349125BAA80C002BB272 /* Release */ = {
			isa = XCBuildConfiguration;
			buildSettings = {
				ALWAYS_EMBED_SWIFT_STANDARD_LIBRARIES = YES;
				CODE_SIGN_STYLE = Automatic;
				INFOPLIST_FILE = Demo0122UITests/Info.plist;
				LD_RUNPATH_SEARCH_PATHS = (
					"$(inherited)",
					"@executable_path/Frameworks",
					"@loader_path/Frameworks",
				);
				PRODUCT_BUNDLE_IDENTIFIER = com.xpert.Demo0122UITests;
				PRODUCT_NAME = "$(TARGET_NAME)";
				SWIFT_VERSION = 5.0;
				TARGETED_DEVICE_FAMILY = "1,2";
				TEST_TARGET_NAME = Demo0122;
			};
			name = Release;
		};
/* End XCBuildConfiguration section */

/* Begin XCConfigurationList section */
		0D69345A25BAA80C002BB272 /* Build configuration list for PBXProject "Demo0122" */ = {
			isa = XCConfigurationList;
			buildConfigurations = (
				0D69348725BAA80C002BB272 /* Debug */,
				0D69348825BAA80C002BB272 /* Release */,
			);
			defaultConfigurationIsVisible = 0;
			defaultConfigurationName = Release;
		};
		0D69348925BAA80C002BB272 /* Build configuration list for PBXNativeTarget "Demo0122" */ = {
			isa = XCConfigurationList;
			buildConfigurations = (
				0D69348A25BAA80C002BB272 /* Debug */,
				0D69348B25BAA80C002BB272 /* Release */,
			);
			defaultConfigurationIsVisible = 0;
			defaultConfigurationName = Release;
		};
		0D69348C25BAA80C002BB272 /* Build configuration list for PBXNativeTarget "Demo0122Tests" */ = {
			isa = XCConfigurationList;
			buildConfigurations = (
				0D69348D25BAA80C002BB272 /* Debug */,
				0D69348E25BAA80C002BB272 /* Release */,
			);
			defaultConfigurationIsVisible = 0;
			defaultConfigurationName = Release;
		};
		0D69348F25BAA80C002BB272 /* Build configuration list for PBXNativeTarget "Demo0122UITests" */ = {
			isa = XCConfigurationList;
			buildConfigurations = (
				0D69349025BAA80C002BB272 /* Debug */,
				0D69349125BAA80C002BB272 /* Release */,
			);
			defaultConfigurationIsVisible = 0;
			defaultConfigurationName = Release;
		};
/* End XCConfigurationList section */
	};
	rootObject = 0D69345725BAA80C002BB272 /* Project object */;
}
